
Microsoft Visual Studio Solution File, Format Version 12.00
# Visual Studio Version 16
VisualStudioVersion = 16.0.29424.173
MinimumVisualStudioVersion = 10.0.40219.1
Project("{9A19103F-16F7-4668-BE54-9A1E7A4F7556}") = "FinalAssessment", "FinalAssessment\FinalAssessment.csproj", "{7B5BA7A4-3FD0-4B52-BA65-6FF377AD98EB}"
EndProject
Project("{FAE04EC0-301F-11D3-BF4B-00C04F79EFBC}") = "WebLoadTestProject", "WebLoadTestProject\WebLoadTestProject.csproj", "{095393AF-9BBA-4C8C-BD57-0BD40B2BCB98}"
EndProject
Project("{2150E333-8FDC-42A3-9474-1A3956D46DE8}") = "Solution Items", "Solution Items", "{2FA7230C-2BA7-4026-9474-404A1599C27D}"
	ProjectSection(SolutionItems) = preProject
		Local.testsettings = Local.testsettings
	EndProjectSection
EndProject
Global
	GlobalSection(SolutionConfigurationPlatforms) = preSolution
		Debug|Any CPU = Debug|Any CPU
		Release|Any CPU = Release|Any CPU
	EndGlobalSection
	GlobalSection(ProjectConfigurationPlatforms) = postSolution
		{7B5BA7A4-3FD0-4B52-BA65-6FF377AD98EB}.Debug|Any CPU.ActiveCfg = Debug|Any CPU
		{7B5BA7A4-3FD0-4B52-BA65-6FF377AD98EB}.Debug|Any CPU.Build.0 = Debug|Any CPU
		{7B5BA7A4-3FD0-4B52-BA65-6FF377AD98EB}.Release|Any CPU.ActiveCfg = Release|Any CPU
		{7B5BA7A4-3FD0-4B52-BA65-6FF377AD98EB}.Release|Any CPU.Build.0 = Release|Any CPU
		{095393AF-9BBA-4C8C-BD57-0BD40B2BCB98}.Debug|Any CPU.ActiveCfg = Debug|Any CPU
		{095393AF-9BBA-4C8C-BD57-0BD40B2BCB98}.Debug|Any CPU.Build.0 = Debug|Any CPU
		{095393AF-9BBA-4C8C-BD57-0BD40B2BCB98}.Release|Any CPU.ActiveCfg = Release|Any CPU
		{095393AF-9BBA-4C8C-BD57-0BD40B2BCB98}.Release|Any CPU.Build.0 = Release|Any CPU
	EndGlobalSection
	GlobalSection(SolutionProperties) = preSolution
		HideSolutionNode = FALSE
	EndGlobalSection
	GlobalSection(ExtensibilityGlobals) = postSolution
		SolutionGuid = {DFB8800D-C91E-4811-A960-5951C01FBD2A}
	EndGlobalSection
EndGlobal
