
Microsoft Visual Studio Solution File, Format Version 12.00
# Visual Studio Version 16
VisualStudioVersion = 16.0.29424.173
MinimumVisualStudioVersion = 10.0.40219.1
Project("{FAE04EC0-301F-11D3-BF4B-00C04F79EFBC}") = "FinalAssessment", "FinalAssessment\FinalAssessment.csproj", "{7B5BA7A4-3FD0-4B52-BA65-6FF377AD98EB}"
EndProject
Global
	GlobalSection(SolutionConfigurationPlatforms) = preSolution
		Debug|Any CPU = Debug|Any CPU
		Release|Any CPU = Release|Any CPU
	EndGlobalSection
	GlobalSection(ProjectConfigurationPlatforms) = postSolution
		{7B5BA7A4-3FD0-4B52-BA65-6FF377AD98EB}.Debug|Any CPU.ActiveCfg = Debug|Any CPU
		{7B5BA7A4-3FD0-4B52-BA65-6FF377AD98EB}.Debug|Any CPU.Build.0 = Debug|Any CPU
		{7B5BA7A4-3FD0-4B52-BA65-6FF377AD98EB}.Release|Any CPU.ActiveCfg = Release|Any CPU
		{7B5BA7A4-3FD0-4B52-BA65-6FF377AD98EB}.Release|Any CPU.Build.0 = Release|Any CPU
	EndGlobalSection
	GlobalSection(SolutionProperties) = preSolution
		HideSolutionNode = FALSE
	EndGlobalSection
	GlobalSection(ExtensibilityGlobals) = postSolution
		SolutionGuid = {DFB8800D-C91E-4811-A960-5951C01FBD2A}
	EndGlobalSection
EndGlobal
